github.com/advanced-go/core v0.0.0-20231120123810-0674ef2b3534 h1:jlFPuUpThwKtcgulyoTddz+rZzVYUX/nnTqMicYiSVs=
github.com/advanced-go/core v0.0.0-20231120123810-0674ef2b3534/go.mod h1:p58Ll2RUpEOeraoKxazyJpiPkWZelINYxxkcwCtwjUE=
github.com/google/uuid v1.4.0 h1:MtMxsa51/r9yyhkyLsVeVt0B+BGQZzpQiTQ4eHZ8bc4=
github.com/google/uuid v1.4.0/go.mod h1:TIyPZe4MgqvfeYDBFedMoGGpEw/LqOeaOT+nhxU+yHo=
