github.com/advanced-go/core v0.0.0-20231118112421-b7353fc0b3f4 h1:TR+I3yhDj0G1DrUDqRodFC8wQq9wPovGS/kaUKYh6e0=
github.com/advanced-go/core v0.0.0-20231118112421-b7353fc0b3f4/go.mod h1:p58Ll2RUpEOeraoKxazyJpiPkWZelINYxxkcwCtwjUE=
github.com/google/uuid v1.4.0 h1:MtMxsa51/r9yyhkyLsVeVt0B+BGQZzpQiTQ4eHZ8bc4=
github.com/google/uuid v1.4.0/go.mod h1:TIyPZe4MgqvfeYDBFedMoGGpEw/LqOeaOT+nhxU+yHo=
